// !$*UTF8*$!
{
	archiveVersion = 1;
	classes = {
	};
	objectVersion = 56;
	objects = {

/* Begin PBXBuildFile section */
		151A6C8B2ABB7FA900854E41 /* News.swift in Sources */ = {isa = PBXBuildFile; fileRef = 151A6C8A2ABB7FA900854E41 /* News.swift */; };
		15610ED32ABF7F7300CFACEC /* ThemeManager.swift in Sources */ = {isa = PBXBuildFile; fileRef = 15610ED22ABF7F7300CFACEC /* ThemeManager.swift */; };
		15B39EC02ABC56280041646D /* Web.swift in Sources */ = {isa = PBXBuildFile; fileRef = 15B39EBF2ABC56280041646D /* Web.swift */; };
		15B96E502AAE477800D30B68 /* AppDelegate.swift in Sources */ = {isa = PBXBuildFile; fileRef = 15B96E4F2AAE477800D30B68 /* AppDelegate.swift */; };
		15B96E522AAE477800D30B68 /* SceneDelegate.swift in Sources */ = {isa = PBXBuildFile; fileRef = 15B96E512AAE477800D30B68 /* SceneDelegate.swift */; };
		15B96E592AAE477A00D30B68 /* Assets.xcassets in Resources */ = {isa = PBXBuildFile; fileRef = 15B96E582AAE477A00D30B68 /* Assets.xcassets */; };
		15B96E5C2AAE477A00D30B68 /* LaunchScreen.storyboard in Resources */ = {isa = PBXBuildFile; fileRef = 15B96E5A2AAE477A00D30B68 /* LaunchScreen.storyboard */; };
		15CC544B2AB9019300632D61 /* NewsCell.swift in Sources */ = {isa = PBXBuildFile; fileRef = 15CC544A2AB9019300632D61 /* NewsCell.swift */; };
		15CC54502AB9170F00632D61 /* Alamofire in Frameworks */ = {isa = PBXBuildFile; productRef = 15CC544F2AB9170F00632D61 /* Alamofire */; };
		15D286D82AAF615B001BCD05 /* Home.storyboard in Resources */ = {isa = PBXBuildFile; fileRef = 15D286D72AAF615B001BCD05 /* Home.storyboard */; };
		15D286DA2AAF6170001BCD05 /* Favorite.storyboard in Resources */ = {isa = PBXBuildFile; fileRef = 15D286D92AAF6170001BCD05 /* Favorite.storyboard */; };
		15D286DC2AAF617D001BCD05 /* Profile.storyboard in Resources */ = {isa = PBXBuildFile; fileRef = 15D286DB2AAF617D001BCD05 /* Profile.storyboard */; };
		15D286DE2AAF941A001BCD05 /* Welcome.storyboard in Resources */ = {isa = PBXBuildFile; fileRef = 15D286DD2AAF941A001BCD05 /* Welcome.storyboard */; };
		15D286EB2AAFBBED001BCD05 /* Login.swift in Sources */ = {isa = PBXBuildFile; fileRef = 15D286EA2AAFBBED001BCD05 /* Login.swift */; };
		15D286EE2AAFCF83001BCD05 /* welcome.json in Resources */ = {isa = PBXBuildFile; fileRef = 15D286ED2AAFCF83001BCD05 /* welcome.json */; };
		15D286F12AAFCFEF001BCD05 /* Onboarding.swift in Sources */ = {isa = PBXBuildFile; fileRef = 15D286F02AAFCFEF001BCD05 /* Onboarding.swift */; };
		15D286F32AAFE119001BCD05 /* Onboarding.storyboard in Resources */ = {isa = PBXBuildFile; fileRef = 15D286F22AAFE119001BCD05 /* Onboarding.storyboard */; };
		15D286F82AB0CD96001BCD05 /* FirebaseAnalytics in Frameworks */ = {isa = PBXBuildFile; productRef = 15D286F72AB0CD96001BCD05 /* FirebaseAnalytics */; };
		15D286FA2AB0CD96001BCD05 /* FirebaseAuth in Frameworks */ = {isa = PBXBuildFile; productRef = 15D286F92AB0CD96001BCD05 /* FirebaseAuth */; };
		15D286FC2AB0D259001BCD05 /* GoogleService-Info.plist in Resources */ = {isa = PBXBuildFile; fileRef = 15D286FB2AB0D259001BCD05 /* GoogleService-Info.plist */; };
		15D287002AB0F294001BCD05 /* Register.swift in Sources */ = {isa = PBXBuildFile; fileRef = 15D286FF2AB0F294001BCD05 /* Register.swift */; };
		15D287022AB0F4D2001BCD05 /* Welcome.swift in Sources */ = {isa = PBXBuildFile; fileRef = 15D287012AB0F4D2001BCD05 /* Welcome.swift */; };
		15D287042AB102CE001BCD05 /* Home.swift in Sources */ = {isa = PBXBuildFile; fileRef = 15D287032AB102CE001BCD05 /* Home.swift */; };
		15D287082AB21B7F001BCD05 /* Profile.swift in Sources */ = {isa = PBXBuildFile; fileRef = 15D287072AB21B7F001BCD05 /* Profile.swift */; };
		15D2870A2AB260F3001BCD05 /* TabBar.swift in Sources */ = {isa = PBXBuildFile; fileRef = 15D287092AB260F3001BCD05 /* TabBar.swift */; };
		15D2870D2AB26577001BCD05 /* K.swift in Sources */ = {isa = PBXBuildFile; fileRef = 15D2870C2AB26577001BCD05 /* K.swift */; };
		15D287102AB3ADB5001BCD05 /* Common.swift in Sources */ = {isa = PBXBuildFile; fileRef = 15D2870F2AB3ADB5001BCD05 /* Common.swift */; };
		15D287162AB3BDC9001BCD05 /* GiftExtension.swift in Sources */ = {isa = PBXBuildFile; fileRef = 15D287152AB3BDC9001BCD05 /* GiftExtension.swift */; };
		15D2871E2AB3D25A001BCD05 /* delete.gif in Resources */ = {isa = PBXBuildFile; fileRef = 15D2871D2AB3D25A001BCD05 /* delete.gif */; };
		15D287202AB3DBB0001BCD05 /* ForgotPassword.swift in Sources */ = {isa = PBXBuildFile; fileRef = 15D2871F2AB3DBB0001BCD05 /* ForgotPassword.swift */; };
		15D287242AB506B2001BCD05 /* send.gif in Resources */ = {isa = PBXBuildFile; fileRef = 15D287232AB506B2001BCD05 /* send.gif */; };
		15D287262AB525DC001BCD05 /* User.swift in Sources */ = {isa = PBXBuildFile; fileRef = 15D287252AB525DC001BCD05 /* User.swift */; };
		15D287282AB529B6001BCD05 /* UserRepository.swift in Sources */ = {isa = PBXBuildFile; fileRef = 15D287272AB529B6001BCD05 /* UserRepository.swift */; };
		15E20F892ABA05D9009237D6 /* NetworkManager.swift in Sources */ = {isa = PBXBuildFile; fileRef = 15E20F882ABA05D9009237D6 /* NetworkManager.swift */; };
		15E20F8B2ABA56BC009237D6 /* HomeViewModel.swift in Sources */ = {isa = PBXBuildFile; fileRef = 15E20F8A2ABA56BC009237D6 /* HomeViewModel.swift */; };
/* End PBXBuildFile section */

/* Begin PBXFileReference section */
		151A6C8A2ABB7FA900854E41 /* News.swift */ = {isa = PBXFileReference; lastKnownFileType = sourcecode.swift; path = News.swift; sourceTree = "<group>"; };
		15610ED22ABF7F7300CFACEC /* ThemeManager.swift */ = {isa = PBXFileReference; lastKnownFileType = sourcecode.swift; path = ThemeManager.swift; sourceTree = "<group>"; };
		15B39EBF2ABC56280041646D /* Web.swift */ = {isa = PBXFileReference; lastKnownFileType = sourcecode.swift; path = Web.swift; sourceTree = "<group>"; };
		15B96E4C2AAE477800D30B68 /* NewsApp.app */ = {isa = PBXFileReference; explicitFileType = wrapper.application; includeInIndex = 0; path = NewsApp.app; sourceTree = BUILT_PRODUCTS_DIR; };
		15B96E4F2AAE477800D30B68 /* AppDelegate.swift */ = {isa = PBXFileReference; lastKnownFileType = sourcecode.swift; path = AppDelegate.swift; sourceTree = "<group>"; };
		15B96E512AAE477800D30B68 /* SceneDelegate.swift */ = {isa = PBXFileReference; lastKnownFileType = sourcecode.swift; path = SceneDelegate.swift; sourceTree = "<group>"; };
		15B96E582AAE477A00D30B68 /* Assets.xcassets */ = {isa = PBXFileReference; lastKnownFileType = folder.assetcatalog; path = Assets.xcassets; sourceTree = "<group>"; };
		15B96E5B2AAE477A00D30B68 /* Base */ = {isa = PBXFileReference; lastKnownFileType = file.storyboard; name = Base; path = Base.lproj/LaunchScreen.storyboard; sourceTree = "<group>"; };
		15B96E5D2AAE477A00D30B68 /* Info.plist */ = {isa = PBXFileReference; lastKnownFileType = text.plist.xml; path = Info.plist; sourceTree = "<group>"; };
		15CC544A2AB9019300632D61 /* NewsCell.swift */ = {isa = PBXFileReference; lastKnownFileType = sourcecode.swift; path = NewsCell.swift; sourceTree = "<group>"; };
		15D286D72AAF615B001BCD05 /* Home.storyboard */ = {isa = PBXFileReference; lastKnownFileType = file.storyboard; path = Home.storyboard; sourceTree = "<group>"; };
		15D286D92AAF6170001BCD05 /* Favorite.storyboard */ = {isa = PBXFileReference; lastKnownFileType = file.storyboard; path = Favorite.storyboard; sourceTree = "<group>"; };
		15D286DB2AAF617D001BCD05 /* Profile.storyboard */ = {isa = PBXFileReference; lastKnownFileType = file.storyboard; path = Profile.storyboard; sourceTree = "<group>"; };
		15D286DD2AAF941A001BCD05 /* Welcome.storyboard */ = {isa = PBXFileReference; lastKnownFileType = file.storyboard; path = Welcome.storyboard; sourceTree = "<group>"; };
		15D286EA2AAFBBED001BCD05 /* Login.swift */ = {isa = PBXFileReference; lastKnownFileType = sourcecode.swift; path = Login.swift; sourceTree = "<group>"; };
		15D286ED2AAFCF83001BCD05 /* welcome.json */ = {isa = PBXFileReference; fileEncoding = 4; lastKnownFileType = text.json; path = welcome.json; sourceTree = "<group>"; };
		15D286F02AAFCFEF001BCD05 /* Onboarding.swift */ = {isa = PBXFileReference; lastKnownFileType = sourcecode.swift; path = Onboarding.swift; sourceTree = "<group>"; };
		15D286F22AAFE119001BCD05 /* Onboarding.storyboard */ = {isa = PBXFileReference; lastKnownFileType = file.storyboard; path = Onboarding.storyboard; sourceTree = "<group>"; };
		15D286FB2AB0D259001BCD05 /* GoogleService-Info.plist */ = {isa = PBXFileReference; fileEncoding = 4; lastKnownFileType = text.plist.xml; path = "GoogleService-Info.plist"; sourceTree = "<group>"; };
		15D286FF2AB0F294001BCD05 /* Register.swift */ = {isa = PBXFileReference; lastKnownFileType = sourcecode.swift; path = Register.swift; sourceTree = "<group>"; };
		15D287012AB0F4D2001BCD05 /* Welcome.swift */ = {isa = PBXFileReference; lastKnownFileType = sourcecode.swift; path = Welcome.swift; sourceTree = "<group>"; };
		15D287032AB102CE001BCD05 /* Home.swift */ = {isa = PBXFileReference; lastKnownFileType = sourcecode.swift; path = Home.swift; sourceTree = "<group>"; };
		15D287072AB21B7F001BCD05 /* Profile.swift */ = {isa = PBXFileReference; lastKnownFileType = sourcecode.swift; path = Profile.swift; sourceTree = "<group>"; };
		15D287092AB260F3001BCD05 /* TabBar.swift */ = {isa = PBXFileReference; lastKnownFileType = sourcecode.swift; path = TabBar.swift; sourceTree = "<group>"; };
		15D2870C2AB26577001BCD05 /* K.swift */ = {isa = PBXFileReference; lastKnownFileType = sourcecode.swift; path = K.swift; sourceTree = "<group>"; };
		15D2870F2AB3ADB5001BCD05 /* Common.swift */ = {isa = PBXFileReference; lastKnownFileType = sourcecode.swift; path = Common.swift; sourceTree = "<group>"; };
		15D287152AB3BDC9001BCD05 /* GiftExtension.swift */ = {isa = PBXFileReference; lastKnownFileType = sourcecode.swift; path = GiftExtension.swift; sourceTree = "<group>"; };
		15D2871D2AB3D25A001BCD05 /* delete.gif */ = {isa = PBXFileReference; lastKnownFileType = image.gif; path = delete.gif; sourceTree = "<group>"; };
		15D2871F2AB3DBB0001BCD05 /* ForgotPassword.swift */ = {isa = PBXFileReference; lastKnownFileType = sourcecode.swift; path = ForgotPassword.swift; sourceTree = "<group>"; };
		15D287232AB506B2001BCD05 /* send.gif */ = {isa = PBXFileReference; lastKnownFileType = image.gif; path = send.gif; sourceTree = "<group>"; };
		15D287252AB525DC001BCD05 /* User.swift */ = {isa = PBXFileReference; lastKnownFileType = sourcecode.swift; path = User.swift; sourceTree = "<group>"; };
		15D287272AB529B6001BCD05 /* UserRepository.swift */ = {isa = PBXFileReference; lastKnownFileType = sourcecode.swift; path = UserRepository.swift; sourceTree = "<group>"; };
		15E20F882ABA05D9009237D6 /* NetworkManager.swift */ = {isa = PBXFileReference; lastKnownFileType = sourcecode.swift; path = NetworkManager.swift; sourceTree = "<group>"; };
		15E20F8A2ABA56BC009237D6 /* HomeViewModel.swift */ = {isa = PBXFileReference; lastKnownFileType = sourcecode.swift; path = HomeViewModel.swift; sourceTree = "<group>"; };
/* End PBXFileReference section */

/* Begin PBXFrameworksBuildPhase section */
		15B96E492AAE477800D30B68 /* Frameworks */ = {
			isa = PBXFrameworksBuildPhase;
			buildActionMask = 2147483647;
			files = (
				15CC54502AB9170F00632D61 /* Alamofire in Frameworks */,
				15D286F82AB0CD96001BCD05 /* FirebaseAnalytics in Frameworks */,
				15D286FA2AB0CD96001BCD05 /* FirebaseAuth in Frameworks */,
			);
			runOnlyForDeploymentPostprocessing = 0;
		};
/* End PBXFrameworksBuildPhase section */

/* Begin PBXGroup section */
		15B39EBE2ABC56110041646D /* webPage */ = {
			isa = PBXGroup;
			children = (
				15B39EBF2ABC56280041646D /* Web.swift */,
			);
			path = webPage;
			sourceTree = "<group>";
		};
		15B96E432AAE477800D30B68 = {
			isa = PBXGroup;
			children = (
				15B96E4E2AAE477800D30B68 /* NewsApp */,
				15B96E4D2AAE477800D30B68 /* Products */,
			);
			sourceTree = "<group>";
		};
		15B96E4D2AAE477800D30B68 /* Products */ = {
			isa = PBXGroup;
			children = (
				15B96E4C2AAE477800D30B68 /* NewsApp.app */,
			);
			name = Products;
			sourceTree = "<group>";
		};
		15B96E4E2AAE477800D30B68 /* NewsApp */ = {
			isa = PBXGroup;
			children = (
				15E20F872ABA05BA009237D6 /* service */,
				15B96E4F2AAE477800D30B68 /* AppDelegate.swift */,
				15B96E512AAE477800D30B68 /* SceneDelegate.swift */,
				15D2870B2AB2654A001BCD05 /* constants */,
				15D286EC2AAFCE63001BCD05 /* assets */,
				15D2870E2AB3AD9B001BCD05 /* common */,
				15D286E52AAFB7A2001BCD05 /* data */,
				15D286E32AAFB6F8001BCD05 /* ui */,
				15B96E5D2AAE477A00D30B68 /* Info.plist */,
				15D286FB2AB0D259001BCD05 /* GoogleService-Info.plist */,
			);
			path = NewsApp;
			sourceTree = "<group>";
		};
		15CC54492AB900B200632D61 /* collectionview */ = {
			isa = PBXGroup;
			children = (
				15CC544A2AB9019300632D61 /* NewsCell.swift */,
			);
			path = collectionview;
			sourceTree = "<group>";
		};
		15D286D62AAF6135001BCD05 /* tabbar */ = {
			isa = PBXGroup;
			children = (
				15B39EBE2ABC56110041646D /* webPage */,
				15CC54492AB900B200632D61 /* collectionview */,
				15D286D72AAF615B001BCD05 /* Home.storyboard */,
				15D286D92AAF6170001BCD05 /* Favorite.storyboard */,
				15D286DB2AAF617D001BCD05 /* Profile.storyboard */,
				15D287032AB102CE001BCD05 /* Home.swift */,
				15D287072AB21B7F001BCD05 /* Profile.swift */,
				15D287092AB260F3001BCD05 /* TabBar.swift */,
			);
			path = tabbar;
			sourceTree = "<group>";
		};
		15D286E32AAFB6F8001BCD05 /* ui */ = {
			isa = PBXGroup;
			children = (
				15D286E72AAFBB2E001BCD05 /* viewmodel */,
				15D286E42AAFB75A001BCD05 /* views */,
			);
			path = ui;
			sourceTree = "<group>";
		};
		15D286E42AAFB75A001BCD05 /* views */ = {
			isa = PBXGroup;
			children = (
				15B96E5A2AAE477A00D30B68 /* LaunchScreen.storyboard */,
				15D286EF2AAFCFB4001BCD05 /* onboarding */,
				15D286E92AAFBB86001BCD05 /* auth */,
				15D286D62AAF6135001BCD05 /* tabbar */,
			);
			path = views;
			sourceTree = "<group>";
		};
		15D286E52AAFB7A2001BCD05 /* data */ = {
			isa = PBXGroup;
			children = (
				15D286E82AAFBB66001BCD05 /* entity */,
				15D286E62AAFB7EB001BCD05 /* repo */,
			);
			path = data;
			sourceTree = "<group>";
		};
		15D286E62AAFB7EB001BCD05 /* repo */ = {
			isa = PBXGroup;
			children = (
				15D287272AB529B6001BCD05 /* UserRepository.swift */,
			);
			path = repo;
			sourceTree = "<group>";
		};
		15D286E72AAFBB2E001BCD05 /* viewmodel */ = {
			isa = PBXGroup;
			children = (
				15E20F8A2ABA56BC009237D6 /* HomeViewModel.swift */,
			);
			path = viewmodel;
			sourceTree = "<group>";
		};
		15D286E82AAFBB66001BCD05 /* entity */ = {
			isa = PBXGroup;
			children = (
				15D287252AB525DC001BCD05 /* User.swift */,
				151A6C8A2ABB7FA900854E41 /* News.swift */,
			);
			path = entity;
			sourceTree = "<group>";
		};
		15D286E92AAFBB86001BCD05 /* auth */ = {
			isa = PBXGroup;
			children = (
				15D286DD2AAF941A001BCD05 /* Welcome.storyboard */,
				15D287012AB0F4D2001BCD05 /* Welcome.swift */,
				15D286FF2AB0F294001BCD05 /* Register.swift */,
				15D286EA2AAFBBED001BCD05 /* Login.swift */,
				15D2871F2AB3DBB0001BCD05 /* ForgotPassword.swift */,
			);
			path = auth;
			sourceTree = "<group>";
		};
		15D286EC2AAFCE63001BCD05 /* assets */ = {
			isa = PBXGroup;
			children = (
				15D286ED2AAFCF83001BCD05 /* welcome.json */,
				15B96E582AAE477A00D30B68 /* Assets.xcassets */,
				15D2871D2AB3D25A001BCD05 /* delete.gif */,
				15D287232AB506B2001BCD05 /* send.gif */,
			);
			path = assets;
			sourceTree = "<group>";
		};
		15D286EF2AAFCFB4001BCD05 /* onboarding */ = {
			isa = PBXGroup;
			children = (
				15D286F02AAFCFEF001BCD05 /* Onboarding.swift */,
				15D286F22AAFE119001BCD05 /* Onboarding.storyboard */,
			);
			path = onboarding;
			sourceTree = "<group>";
		};
		15D2870B2AB2654A001BCD05 /* constants */ = {
			isa = PBXGroup;
			children = (
				15D2870C2AB26577001BCD05 /* K.swift */,
			);
			path = constants;
			sourceTree = "<group>";
		};
		15D2870E2AB3AD9B001BCD05 /* common */ = {
			isa = PBXGroup;
			children = (
				15D2870F2AB3ADB5001BCD05 /* Common.swift */,
				15D287152AB3BDC9001BCD05 /* GiftExtension.swift */,
			);
			path = common;
			sourceTree = "<group>";
		};
		15E20F872ABA05BA009237D6 /* service */ = {
			isa = PBXGroup;
			children = (
				15E20F882ABA05D9009237D6 /* NetworkManager.swift */,
				15610ED22ABF7F7300CFACEC /* ThemeManager.swift */,
			);
			path = service;
			sourceTree = "<group>";
		};
/* End PBXGroup section */

/* Begin PBXNativeTarget section */
		15B96E4B2AAE477800D30B68 /* NewsApp */ = {
			isa = PBXNativeTarget;
			buildConfigurationList = 15B96E602AAE477A00D30B68 /* Build configuration list for PBXNativeTarget "NewsApp" */;
			buildPhases = (
				15B96E482AAE477800D30B68 /* Sources */,
				15B96E492AAE477800D30B68 /* Frameworks */,
				15B96E4A2AAE477800D30B68 /* Resources */,
			);
			buildRules = (
			);
			dependencies = (
			);
			name = NewsApp;
			packageProductDependencies = (
				15D286F72AB0CD96001BCD05 /* FirebaseAnalytics */,
				15D286F92AB0CD96001BCD05 /* FirebaseAuth */,
				15CC544F2AB9170F00632D61 /* Alamofire */,
			);
			productName = NewsApp;
			productReference = 15B96E4C2AAE477800D30B68 /* NewsApp.app */;
			productType = "com.apple.product-type.application";
		};
/* End PBXNativeTarget section */

/* Begin PBXProject section */
		15B96E442AAE477800D30B68 /* Project object */ = {
			isa = PBXProject;
			attributes = {
				BuildIndependentTargetsInParallel = 1;
				LastSwiftUpdateCheck = 1430;
				LastUpgradeCheck = 1430;
				TargetAttributes = {
					15B96E4B2AAE477800D30B68 = {
						CreatedOnToolsVersion = 14.3.1;
					};
				};
			};
			buildConfigurationList = 15B96E472AAE477800D30B68 /* Build configuration list for PBXProject "NewsApp" */;
			compatibilityVersion = "Xcode 14.0";
			developmentRegion = en;
			hasScannedForEncodings = 0;
			knownRegions = (
				en,
				Base,
			);
			mainGroup = 15B96E432AAE477800D30B68;
			packageReferences = (
				15D286F62AB0CD96001BCD05 /* XCRemoteSwiftPackageReference "firebase-ios-sdk" */,
				15CC544E2AB9170F00632D61 /* XCRemoteSwiftPackageReference "Alamofire" */,
			);
			productRefGroup = 15B96E4D2AAE477800D30B68 /* Products */;
			projectDirPath = "";
			projectRoot = "";
			targets = (
				15B96E4B2AAE477800D30B68 /* NewsApp */,
			);
		};
/* End PBXProject section */

/* Begin PBXResourcesBuildPhase section */
		15B96E4A2AAE477800D30B68 /* Resources */ = {
			isa = PBXResourcesBuildPhase;
			buildActionMask = 2147483647;
			files = (
				15D286EE2AAFCF83001BCD05 /* welcome.json in Resources */,
				15D286DC2AAF617D001BCD05 /* Profile.storyboard in Resources */,
				15B96E5C2AAE477A00D30B68 /* LaunchScreen.storyboard in Resources */,
				15D287242AB506B2001BCD05 /* send.gif in Resources */,
				15D2871E2AB3D25A001BCD05 /* delete.gif in Resources */,
				15D286DE2AAF941A001BCD05 /* Welcome.storyboard in Resources */,
				15B96E592AAE477A00D30B68 /* Assets.xcassets in Resources */,
				15D286F32AAFE119001BCD05 /* Onboarding.storyboard in Resources */,
				15D286FC2AB0D259001BCD05 /* GoogleService-Info.plist in Resources */,
				15D286DA2AAF6170001BCD05 /* Favorite.storyboard in Resources */,
				15D286D82AAF615B001BCD05 /* Home.storyboard in Resources */,
			);
			runOnlyForDeploymentPostprocessing = 0;
		};
/* End PBXResourcesBuildPhase section */

/* Begin PBXSourcesBuildPhase section */
		15B96E482AAE477800D30B68 /* Sources */ = {
			isa = PBXSourcesBuildPhase;
			buildActionMask = 2147483647;
			files = (
				15E20F892ABA05D9009237D6 /* NetworkManager.swift in Sources */,
				15610ED32ABF7F7300CFACEC /* ThemeManager.swift in Sources */,
				15D287162AB3BDC9001BCD05 /* GiftExtension.swift in Sources */,
				15D287082AB21B7F001BCD05 /* Profile.swift in Sources */,
				15D286F12AAFCFEF001BCD05 /* Onboarding.swift in Sources */,
				15B96E502AAE477800D30B68 /* AppDelegate.swift in Sources */,
				15D287102AB3ADB5001BCD05 /* Common.swift in Sources */,
				15D287042AB102CE001BCD05 /* Home.swift in Sources */,
				15D287022AB0F4D2001BCD05 /* Welcome.swift in Sources */,
				15E20F8B2ABA56BC009237D6 /* HomeViewModel.swift in Sources */,
				15D287262AB525DC001BCD05 /* User.swift in Sources */,
				15D287002AB0F294001BCD05 /* Register.swift in Sources */,
				15D2870A2AB260F3001BCD05 /* TabBar.swift in Sources */,
				15B96E522AAE477800D30B68 /* SceneDelegate.swift in Sources */,
				15D287202AB3DBB0001BCD05 /* ForgotPassword.swift in Sources */,
				15CC544B2AB9019300632D61 /* NewsCell.swift in Sources */,
				15D286EB2AAFBBED001BCD05 /* Login.swift in Sources */,
				15D287282AB529B6001BCD05 /* UserRepository.swift in Sources */,
				151A6C8B2ABB7FA900854E41 /* News.swift in Sources */,
				15B39EC02ABC56280041646D /* Web.swift in Sources */,
				15D2870D2AB26577001BCD05 /* K.swift in Sources */,
			);
			runOnlyForDeploymentPostprocessing = 0;
		};
/* End PBXSourcesBuildPhase section */

/* Begin PBXVariantGroup section */
		15B96E5A2AAE477A00D30B68 /* LaunchScreen.storyboard */ = {
			isa = PBXVariantGroup;
			children = (
				15B96E5B2AAE477A00D30B68 /* Base */,
			);
			name = LaunchScreen.storyboard;
			sourceTree = "<group>";
		};
/* End PBXVariantGroup section */

/* Begin XCBuildConfiguration section */
		15B96E5E2AAE477A00D30B68 /* Debug */ = {
			isa = XCBuildConfiguration;
			buildSettings = {
				ALWAYS_SEARCH_USER_PATHS = NO;
				CLANG_ANALYZER_NONNULL = YES;
				CLANG_ANALYZER_NUMBER_OBJECT_CONVERSION = YES_AGGRESSIVE;
				CLANG_CXX_LANGUAGE_STANDARD = "gnu++20";
				CLANG_ENABLE_MODULES = YES;
				CLANG_ENABLE_OBJC_ARC = YES;
				CLANG_ENABLE_OBJC_WEAK = YES;
				CLANG_WARN_BLOCK_CAPTURE_AUTORELEASING = YES;
				CLANG_WARN_BOOL_CONVERSION = YES;
				CLANG_WARN_COMMA = YES;
				CLANG_WARN_CONSTANT_CONVERSION = YES;
				CLANG_WARN_DEPRECATED_OBJC_IMPLEMENTATIONS = YES;
				CLANG_WARN_DIRECT_OBJC_ISA_USAGE = YES_ERROR;
				CLANG_WARN_DOCUMENTATION_COMMENTS = YES;
				CLANG_WARN_EMPTY_BODY = YES;
				CLANG_WARN_ENUM_CONVERSION = YES;
				CLANG_WARN_INFINITE_RECURSION = YES;
				CLANG_WARN_INT_CONVERSION = YES;
				CLANG_WARN_NON_LITERAL_NULL_CONVERSION = YES;
				CLANG_WARN_OBJC_IMPLICIT_RETAIN_SELF = YES;
				CLANG_WARN_OBJC_LITERAL_CONVERSION = YES;
				CLANG_WARN_OBJC_ROOT_CLASS = YES_ERROR;
				CLANG_WARN_QUOTED_INCLUDE_IN_FRAMEWORK_HEADER = YES;
				CLANG_WARN_RANGE_LOOP_ANALYSIS = YES;
				CLANG_WARN_STRICT_PROTOTYPES = YES;
				CLANG_WARN_SUSPICIOUS_MOVE = YES;
				CLANG_WARN_UNGUARDED_AVAILABILITY = YES_AGGRESSIVE;
				CLANG_WARN_UNREACHABLE_CODE = YES;
				CLANG_WARN__DUPLICATE_METHOD_MATCH = YES;
				COPY_PHASE_STRIP = NO;
				DEBUG_INFORMATION_FORMAT = dwarf;
				ENABLE_STRICT_OBJC_MSGSEND = YES;
				ENABLE_TESTABILITY = YES;
				GCC_C_LANGUAGE_STANDARD = gnu11;
				GCC_DYNAMIC_NO_PIC = NO;
				GCC_NO_COMMON_BLOCKS = YES;
				GCC_OPTIMIZATION_LEVEL = 0;
				GCC_PREPROCESSOR_DEFINITIONS = (
					"DEBUG=1",
					"$(inherited)",
				);
				GCC_WARN_64_TO_32_BIT_CONVERSION = YES;
				GCC_WARN_ABOUT_RETURN_TYPE = YES_ERROR;
				GCC_WARN_UNDECLARED_SELECTOR = YES;
				GCC_WARN_UNINITIALIZED_AUTOS = YES_AGGRESSIVE;
				GCC_WARN_UNUSED_FUNCTION = YES;
				GCC_WARN_UNUSED_VARIABLE = YES;
				IPHONEOS_DEPLOYMENT_TARGET = 16.4;
				MTL_ENABLE_DEBUG_INFO = INCLUDE_SOURCE;
				MTL_FAST_MATH = YES;
				ONLY_ACTIVE_ARCH = YES;
				SDKROOT = iphoneos;
				SWIFT_ACTIVE_COMPILATION_CONDITIONS = DEBUG;
				SWIFT_OPTIMIZATION_LEVEL = "-Onone";
			};
			name = Debug;
		};
		15B96E5F2AAE477A00D30B68 /* Release */ = {
			isa = XCBuildConfiguration;
			buildSettings = {
				ALWAYS_SEARCH_USER_PATHS = NO;
				CLANG_ANALYZER_NONNULL = YES;
				CLANG_ANALYZER_NUMBER_OBJECT_CONVERSION = YES_AGGRESSIVE;
				CLANG_CXX_LANGUAGE_STANDARD = "gnu++20";
				CLANG_ENABLE_MODULES = YES;
				CLANG_ENABLE_OBJC_ARC = YES;
				CLANG_ENABLE_OBJC_WEAK = YES;
				CLANG_WARN_BLOCK_CAPTURE_AUTORELEASING = YES;
				CLANG_WARN_BOOL_CONVERSION = YES;
				CLANG_WARN_COMMA = YES;
				CLANG_WARN_CONSTANT_CONVERSION = YES;
				CLANG_WARN_DEPRECATED_OBJC_IMPLEMENTATIONS = YES;
				CLANG_WARN_DIRECT_OBJC_ISA_USAGE = YES_ERROR;
				CLANG_WARN_DOCUMENTATION_COMMENTS = YES;
				CLANG_WARN_EMPTY_BODY = YES;
				CLANG_WARN_ENUM_CONVERSION = YES;
				CLANG_WARN_INFINITE_RECURSION = YES;
				CLANG_WARN_INT_CONVERSION = YES;
				CLANG_WARN_NON_LITERAL_NULL_CONVERSION = YES;
				CLANG_WARN_OBJC_IMPLICIT_RETAIN_SELF = YES;
				CLANG_WARN_OBJC_LITERAL_CONVERSION = YES;
				CLANG_WARN_OBJC_ROOT_CLASS = YES_ERROR;
				CLANG_WARN_QUOTED_INCLUDE_IN_FRAMEWORK_HEADER = YES;
				CLANG_WARN_RANGE_LOOP_ANALYSIS = YES;
				CLANG_WARN_STRICT_PROTOTYPES = YES;
				CLANG_WARN_SUSPICIOUS_MOVE = YES;
				CLANG_WARN_UNGUARDED_AVAILABILITY = YES_AGGRESSIVE;
				CLANG_WARN_UNREACHABLE_CODE = YES;
				CLANG_WARN__DUPLICATE_METHOD_MATCH = YES;
				COPY_PHASE_STRIP = NO;
				DEBUG_INFORMATION_FORMAT = "dwarf-with-dsym";
				ENABLE_NS_ASSERTIONS = NO;
				ENABLE_STRICT_OBJC_MSGSEND = YES;
				GCC_C_LANGUAGE_STANDARD = gnu11;
				GCC_NO_COMMON_BLOCKS = YES;
				GCC_WARN_64_TO_32_BIT_CONVERSION = YES;
				GCC_WARN_ABOUT_RETURN_TYPE = YES_ERROR;
				GCC_WARN_UNDECLARED_SELECTOR = YES;
				GCC_WARN_UNINITIALIZED_AUTOS = YES_AGGRESSIVE;
				GCC_WARN_UNUSED_FUNCTION = YES;
				GCC_WARN_UNUSED_VARIABLE = YES;
				IPHONEOS_DEPLOYMENT_TARGET = 16.4;
				MTL_ENABLE_DEBUG_INFO = NO;
				MTL_FAST_MATH = YES;
				SDKROOT = iphoneos;
				SWIFT_COMPILATION_MODE = wholemodule;
				SWIFT_OPTIMIZATION_LEVEL = "-O";
				VALIDATE_PRODUCT = YES;
			};
			name = Release;
		};
		15B96E612AAE477A00D30B68 /* Debug */ = {
			isa = XCBuildConfiguration;
			buildSettings = {
				ASSETCATALOG_COMPILER_APPICON_NAME = AppIcon;
				ASSETCATALOG_COMPILER_GLOBAL_ACCENT_COLOR_NAME = AccentColor;
				CODE_SIGN_IDENTITY = "Apple Development";
				CODE_SIGN_STYLE = Automatic;
				CURRENT_PROJECT_VERSION = 1;
				DEVELOPMENT_TEAM = 9PL5ZW34YC;
				GENERATE_INFOPLIST_FILE = YES;
				INFOPLIST_FILE = NewsApp/Info.plist;
				INFOPLIST_KEY_UIApplicationSupportsIndirectInputEvents = YES;
				INFOPLIST_KEY_UILaunchStoryboardName = LaunchScreen;
				INFOPLIST_KEY_UISupportedInterfaceOrientations_iPad = "UIInterfaceOrientationPortrait UIInterfaceOrientationPortraitUpsideDown UIInterfaceOrientationLandscapeLeft UIInterfaceOrientationLandscapeRight";
				INFOPLIST_KEY_UISupportedInterfaceOrientations_iPhone = "UIInterfaceOrientationPortrait UIInterfaceOrientationLandscapeLeft UIInterfaceOrientationLandscapeRight";
				LD_RUNPATH_SEARCH_PATHS = (
					"$(inherited)",
					"@executable_path/Frameworks",
				);
				MARKETING_VERSION = 1.0;
				PRODUCT_BUNDLE_IDENTIFIER = com.kader2147.NewsApp;
				PRODUCT_NAME = "$(TARGET_NAME)";
				PROVISIONING_PROFILE_SPECIFIER = "";
				SWIFT_EMIT_LOC_STRINGS = YES;
				SWIFT_VERSION = 5.0;
				TARGETED_DEVICE_FAMILY = "1,2";
			};
			name = Debug;
		};
		15B96E622AAE477A00D30B68 /* Release */ = {
			isa = XCBuildConfiguration;
			buildSettings = {
				ASSETCATALOG_COMPILER_APPICON_NAME = AppIcon;
				ASSETCATALOG_COMPILER_GLOBAL_ACCENT_COLOR_NAME = AccentColor;
				CODE_SIGN_IDENTITY = "Apple Development";
				CODE_SIGN_STYLE = Automatic;
				CURRENT_PROJECT_VERSION = 1;
				DEVELOPMENT_TEAM = 9PL5ZW34YC;
				GENERATE_INFOPLIST_FILE = YES;
				INFOPLIST_FILE = NewsApp/Info.plist;
				INFOPLIST_KEY_UIApplicationSupportsIndirectInputEvents = YES;
				INFOPLIST_KEY_UILaunchStoryboardName = LaunchScreen;
				INFOPLIST_KEY_UISupportedInterfaceOrientations_iPad = "UIInterfaceOrientationPortrait UIInterfaceOrientationPortraitUpsideDown UIInterfaceOrientationLandscapeLeft UIInterfaceOrientationLandscapeRight";
				INFOPLIST_KEY_UISupportedInterfaceOrientations_iPhone = "UIInterfaceOrientationPortrait UIInterfaceOrientationLandscapeLeft UIInterfaceOrientationLandscapeRight";
				LD_RUNPATH_SEARCH_PATHS = (
					"$(inherited)",
					"@executable_path/Frameworks",
				);
				MARKETING_VERSION = 1.0;
				PRODUCT_BUNDLE_IDENTIFIER = com.kader2147.NewsApp;
				PRODUCT_NAME = "$(TARGET_NAME)";
				PROVISIONING_PROFILE_SPECIFIER = "";
				SWIFT_EMIT_LOC_STRINGS = YES;
				SWIFT_VERSION = 5.0;
				TARGETED_DEVICE_FAMILY = "1,2";
			};
			name = Release;
		};
/* End XCBuildConfiguration section */

/* Begin XCConfigurationList section */
		15B96E472AAE477800D30B68 /* Build configuration list for PBXProject "NewsApp" */ = {
			isa = XCConfigurationList;
			buildConfigurations = (
				15B96E5E2AAE477A00D30B68 /* Debug */,
				15B96E5F2AAE477A00D30B68 /* Release */,
			);
			defaultConfigurationIsVisible = 0;
			defaultConfigurationName = Release;
		};
		15B96E602AAE477A00D30B68 /* Build configuration list for PBXNativeTarget "NewsApp" */ = {
			isa = XCConfigurationList;
			buildConfigurations = (
				15B96E612AAE477A00D30B68 /* Debug */,
				15B96E622AAE477A00D30B68 /* Release */,
			);
			defaultConfigurationIsVisible = 0;
			defaultConfigurationName = Release;
		};
/* End XCConfigurationList section */

/* Begin XCRemoteSwiftPackageReference section */
		15CC544E2AB9170F00632D61 /* XCRemoteSwiftPackageReference "Alamofire" */ = {
			isa = XCRemoteSwiftPackageReference;
			repositoryURL = "https://github.com/Alamofire/Alamofire.git";
			requirement = {
				kind = upToNextMajorVersion;
				minimumVersion = 5.0.0;
			};
		};
		15D286F62AB0CD96001BCD05 /* XCRemoteSwiftPackageReference "firebase-ios-sdk" */ = {
			isa = XCRemoteSwiftPackageReference;
			repositoryURL = "https://github.com/firebase/firebase-ios-sdk";
			requirement = {
				kind = upToNextMajorVersion;
				minimumVersion = 10.0.0;
			};
		};
/* End XCRemoteSwiftPackageReference section */

/* Begin XCSwiftPackageProductDependency section */
		15CC544F2AB9170F00632D61 /* Alamofire */ = {
			isa = XCSwiftPackageProductDependency;
			package = 15CC544E2AB9170F00632D61 /* XCRemoteSwiftPackageReference "Alamofire" */;
			productName = Alamofire;
		};
		15D286F72AB0CD96001BCD05 /* FirebaseAnalytics */ = {
			isa = XCSwiftPackageProductDependency;
			package = 15D286F62AB0CD96001BCD05 /* XCRemoteSwiftPackageReference "firebase-ios-sdk" */;
			productName = FirebaseAnalytics;
		};
		15D286F92AB0CD96001BCD05 /* FirebaseAuth */ = {
			isa = XCSwiftPackageProductDependency;
			package = 15D286F62AB0CD96001BCD05 /* XCRemoteSwiftPackageReference "firebase-ios-sdk" */;
			productName = FirebaseAuth;
		};
/* End XCSwiftPackageProductDependency section */
	};
	rootObject = 15B96E442AAE477800D30B68 /* Project object */;
}
